
Microsoft Visual Studio Solution File, Format Version 12.00
# Visual Studio Version 17
VisualStudioVersion = 17.5.33516.290
MinimumVisualStudioVersion = 10.0.40219.1
Project("{9A19103F-16F7-4668-BE54-9A1E7A4F7556}") = "AsyncWebAppDemo", "AsyncWebAppDemo\AsyncWebAppDemo.csproj", "{4EB6B719-0F48-46BE-A990-038DEA9413A5}"
EndProject
Project("{9A19103F-16F7-4668-BE54-9A1E7A4F7556}") = "AsyncWebApiDemo", "AsyncWebApiDemo\AsyncWebApiDemo.csproj", "{DD5D2F88-AAC0-4196-9093-2434245E4084}"
EndProject
Project("{2150E333-8FDC-42A3-9474-1A3956D46DE8}") = "Solution Items", "Solution Items", "{871C3629-6C61-42D3-8EA7-EF821770656F}"
	ProjectSection(SolutionItems) = preProject
		ReadMe.md = ReadMe.md
	EndProjectSection
EndProject
Global
	GlobalSection(SolutionConfigurationPlatforms) = preSolution
		Debug|Any CPU = Debug|Any CPU
		Release|Any CPU = Release|Any CPU
	EndGlobalSection
	GlobalSection(ProjectConfigurationPlatforms) = postSolution
		{4EB6B719-0F48-46BE-A990-038DEA9413A5}.Debug|Any CPU.ActiveCfg = Debug|Any CPU
		{4EB6B719-0F48-46BE-A990-038DEA9413A5}.Debug|Any CPU.Build.0 = Debug|Any CPU
		{4EB6B719-0F48-46BE-A990-038DEA9413A5}.Release|Any CPU.ActiveCfg = Release|Any CPU
		{4EB6B719-0F48-46BE-A990-038DEA9413A5}.Release|Any CPU.Build.0 = Release|Any CPU
		{DD5D2F88-AAC0-4196-9093-2434245E4084}.Debug|Any CPU.ActiveCfg = Debug|Any CPU
		{DD5D2F88-AAC0-4196-9093-2434245E4084}.Debug|Any CPU.Build.0 = Debug|Any CPU
		{DD5D2F88-AAC0-4196-9093-2434245E4084}.Release|Any CPU.ActiveCfg = Release|Any CPU
		{DD5D2F88-AAC0-4196-9093-2434245E4084}.Release|Any CPU.Build.0 = Release|Any CPU
	EndGlobalSection
	GlobalSection(SolutionProperties) = preSolution
		HideSolutionNode = FALSE
	EndGlobalSection
	GlobalSection(ExtensibilityGlobals) = postSolution
		SolutionGuid = {717D5521-50F2-492E-8BDD-1B04A890D818}
	EndGlobalSection
EndGlobal
